
Microsoft Visual Studio Solution File, Format Version 12.00
# Visual Studio 15
VisualStudioVersion = 15.0.27428.2002
MinimumVisualStudioVersion = 10.0.40219.1
Project("{FAE04EC0-301F-11D3-BF4B-00C04F79EFBC}") = "PortraitTeller", "PortraitTeller\PortraitTeller.csproj", "{7D72F631-2AF0-42C9-AC7B-D75BD0CE2DF7}"
EndProject
Global
	GlobalSection(SolutionConfigurationPlatforms) = preSolution
		Debug|Any CPU = Debug|Any CPU
		Release|Any CPU = Release|Any CPU
	EndGlobalSection
	GlobalSection(ProjectConfigurationPlatforms) = postSolution
		{7D72F631-2AF0-42C9-AC7B-D75BD0CE2DF7}.Debug|Any CPU.ActiveCfg = Debug|Any CPU
		{7D72F631-2AF0-42C9-AC7B-D75BD0CE2DF7}.Debug|Any CPU.Build.0 = Debug|Any CPU
		{7D72F631-2AF0-42C9-AC7B-D75BD0CE2DF7}.Release|Any CPU.ActiveCfg = Release|Any CPU
		{7D72F631-2AF0-42C9-AC7B-D75BD0CE2DF7}.Release|Any CPU.Build.0 = Release|Any CPU
	EndGlobalSection
	GlobalSection(SolutionProperties) = preSolution
		HideSolutionNode = FALSE
	EndGlobalSection
	GlobalSection(ExtensibilityGlobals) = postSolution
		SolutionGuid = {0F790F17-663C-4713-BECE-2B6A6AF3E18E}
	EndGlobalSection
EndGlobal
